
Microsoft Visual Studio Solution File, Format Version 12.00
# Visual Studio 15
VisualStudioVersion = 15.0.28307.102
MinimumVisualStudioVersion = 10.0.40219.1
Project("{9A19103F-16F7-4668-BE54-9A1E7A4F7556}") = "DadTriggerTest", "DadTriggerTest.csproj", "{7F9C6EA8-9359-4D76-86FB-8F8C16616708}"
EndProject
Global
	GlobalSection(SolutionConfigurationPlatforms) = preSolution
		Debug|Any CPU = Debug|Any CPU
		Release|Any CPU = Release|Any CPU
	EndGlobalSection
	GlobalSection(ProjectConfigurationPlatforms) = postSolution
		{7F9C6EA8-9359-4D76-86FB-8F8C16616708}.Debug|Any CPU.ActiveCfg = Debug|Any CPU
		{7F9C6EA8-9359-4D76-86FB-8F8C16616708}.Debug|Any CPU.Build.0 = Debug|Any CPU
		{7F9C6EA8-9359-4D76-86FB-8F8C16616708}.Release|Any CPU.ActiveCfg = Release|Any CPU
		{7F9C6EA8-9359-4D76-86FB-8F8C16616708}.Release|Any CPU.Build.0 = Release|Any CPU
	EndGlobalSection
	GlobalSection(SolutionProperties) = preSolution
		HideSolutionNode = FALSE
	EndGlobalSection
	GlobalSection(ExtensibilityGlobals) = postSolution
		SolutionGuid = {7D029BB4-6F02-4DEE-9AF8-E07356CAF51D}
	EndGlobalSection
EndGlobal
